
Microsoft Visual Studio Solution File, Format Version 12.00
# Visual Studio 15
VisualStudioVersion = 15.0.27428.2005
MinimumVisualStudioVersion = 10.0.40219.1
Project("{FAE04EC0-301F-11D3-BF4B-00C04F79EFBC}") = "OCCAZB2CDemo", "OCCAZB2CDemo\OCCAZB2CDemo.csproj", "{4ACDF800-57BD-4322-98CE-E81DEB0B8598}"
EndProject
Global
	GlobalSection(SolutionConfigurationPlatforms) = preSolution
		Debug|Any CPU = Debug|Any CPU
		Release|Any CPU = Release|Any CPU
	EndGlobalSection
	GlobalSection(ProjectConfigurationPlatforms) = postSolution
		{4ACDF800-57BD-4322-98CE-E81DEB0B8598}.Debug|Any CPU.ActiveCfg = Debug|Any CPU
		{4ACDF800-57BD-4322-98CE-E81DEB0B8598}.Debug|Any CPU.Build.0 = Debug|Any CPU
		{4ACDF800-57BD-4322-98CE-E81DEB0B8598}.Release|Any CPU.ActiveCfg = Release|Any CPU
		{4ACDF800-57BD-4322-98CE-E81DEB0B8598}.Release|Any CPU.Build.0 = Release|Any CPU
	EndGlobalSection
	GlobalSection(SolutionProperties) = preSolution
		HideSolutionNode = FALSE
	EndGlobalSection
	GlobalSection(ExtensibilityGlobals) = postSolution
		SolutionGuid = {33CEACE8-7C1E-4E52-BA29-32BF2DA6AF58}
	EndGlobalSection
EndGlobal
